
Microsoft Visual Studio Solution File, Format Version 12.00
# Visual Studio Version 17
VisualStudioVersion = 17.3.32819.101
MinimumVisualStudioVersion = 10.0.40219.1
Project("{8BC9CEB8-8B4A-11D0-8D11-00A0C91BC942}") = "Task1", "Task1\Task1.vcxproj", "{1EAA982C-9AE8-4EA7-8099-405CACD2B06F}"
EndProject
Project("{8BC9CEB8-8B4A-11D0-8D11-00A0C91BC942}") = "Task7", "Task7\Task7.vcxproj", "{45B7A153-5DE7-44C6-9B3A-A829F874ADC7}"
EndProject
Project("{8BC9CEB8-8B4A-11D0-8D11-00A0C91BC942}") = "Task8", "Task8\Task8.vcxproj", "{24D0EF1E-B233-4C3B-A60F-3C06DE6002FD}"
EndProject
Project("{8BC9CEB8-8B4A-11D0-8D11-00A0C91BC942}") = "Task5", "Task5\Task5.vcxproj", "{1459F1A2-D44C-4478-AF79-5CA548DE8A29}"
EndProject
Project("{8BC9CEB8-8B4A-11D0-8D11-00A0C91BC942}") = "Task6", "Task6\Task6.vcxproj", "{BAD53330-39BE-4BA2-BBFC-B388D8D81DEA}"
EndProject
Project("{8BC9CEB8-8B4A-11D0-8D11-00A0C91BC942}") = "Task2", "Task2\Task2.vcxproj", "{A73E84FC-89C2-4B9E-B813-BBAD1C03DDCE}"
EndProject
Project("{8BC9CEB8-8B4A-11D0-8D11-00A0C91BC942}") = "Task3", "Task3\Task3.vcxproj", "{D9522A85-B3E8-494E-8B35-D54B5A012430}"
EndProject
Project("{8BC9CEB8-8B4A-11D0-8D11-00A0C91BC942}") = "Task4", "Task4\Task4.vcxproj", "{DDE81A56-3089-41E6-BE96-CA5D299CD3CC}"
EndProject
Project("{8BC9CEB8-8B4A-11D0-8D11-00A0C91BC942}") = "Task9", "Task9\Task9.vcxproj", "{28CB5B19-283B-49A8-A2F4-4A5102542633}"
EndProject
Global
	GlobalSection(SolutionConfigurationPlatforms) = preSolution
		Debug|x64 = Debug|x64
		Debug|x86 = Debug|x86
		Release|x64 = Release|x64
		Release|x86 = Release|x86
	EndGlobalSection
	GlobalSection(ProjectConfigurationPlatforms) = postSolution
		{1EAA982C-9AE8-4EA7-8099-405CACD2B06F}.Debug|x64.ActiveCfg = Debug|x64
		{1EAA982C-9AE8-4EA7-8099-405CACD2B06F}.Debug|x64.Build.0 = Debug|x64
		{1EAA982C-9AE8-4EA7-8099-405CACD2B06F}.Debug|x86.ActiveCfg = Debug|Win32
		{1EAA982C-9AE8-4EA7-8099-405CACD2B06F}.Debug|x86.Build.0 = Debug|Win32
		{1EAA982C-9AE8-4EA7-8099-405CACD2B06F}.Release|x64.ActiveCfg = Release|x64
		{1EAA982C-9AE8-4EA7-8099-405CACD2B06F}.Release|x64.Build.0 = Release|x64
		{1EAA982C-9AE8-4EA7-8099-405CACD2B06F}.Release|x86.ActiveCfg = Release|Win32
		{1EAA982C-9AE8-4EA7-8099-405CACD2B06F}.Release|x86.Build.0 = Release|Win32
		{45B7A153-5DE7-44C6-9B3A-A829F874ADC7}.Debug|x64.ActiveCfg = Debug|x64
		{45B7A153-5DE7-44C6-9B3A-A829F874ADC7}.Debug|x64.Build.0 = Debug|x64
		{45B7A153-5DE7-44C6-9B3A-A829F874ADC7}.Debug|x86.ActiveCfg = Debug|Win32
		{45B7A153-5DE7-44C6-9B3A-A829F874ADC7}.Debug|x86.Build.0 = Debug|Win32
		{45B7A153-5DE7-44C6-9B3A-A829F874ADC7}.Release|x64.ActiveCfg = Release|x64
		{45B7A153-5DE7-44C6-9B3A-A829F874ADC7}.Release|x64.Build.0 = Release|x64
		{45B7A153-5DE7-44C6-9B3A-A829F874ADC7}.Release|x86.ActiveCfg = Release|Win32
		{45B7A153-5DE7-44C6-9B3A-A829F874ADC7}.Release|x86.Build.0 = Release|Win32
		{24D0EF1E-B233-4C3B-A60F-3C06DE6002FD}.Debug|x64.ActiveCfg = Debug|x64
		{24D0EF1E-B233-4C3B-A60F-3C06DE6002FD}.Debug|x64.Build.0 = Debug|x64
		{24D0EF1E-B233-4C3B-A60F-3C06DE6002FD}.Debug|x86.ActiveCfg = Debug|Win32
		{24D0EF1E-B233-4C3B-A60F-3C06DE6002FD}.Debug|x86.Build.0 = Debug|Win32
		{24D0EF1E-B233-4C3B-A60F-3C06DE6002FD}.Release|x64.ActiveCfg = Release|x64
		{24D0EF1E-B233-4C3B-A60F-3C06DE6002FD}.Release|x64.Build.0 = Release|x64
		{24D0EF1E-B233-4C3B-A60F-3C06DE6002FD}.Release|x86.ActiveCfg = Release|Win32
		{24D0EF1E-B233-4C3B-A60F-3C06DE6002FD}.Release|x86.Build.0 = Release|Win32
		{1459F1A2-D44C-4478-AF79-5CA548DE8A29}.Debug|x64.ActiveCfg = Debug|x64
		{1459F1A2-D44C-4478-AF79-5CA548DE8A29}.Debug|x64.Build.0 = Debug|x64
		{1459F1A2-D44C-4478-AF79-5CA548DE8A29}.Debug|x86.ActiveCfg = Debug|Win32
		{1459F1A2-D44C-4478-AF79-5CA548DE8A29}.Debug|x86.Build.0 = Debug|Win32
		{1459F1A2-D44C-4478-AF79-5CA548DE8A29}.Release|x64.ActiveCfg = Release|x64
		{1459F1A2-D44C-4478-AF79-5CA548DE8A29}.Release|x64.Build.0 = Release|x64
		{1459F1A2-D44C-4478-AF79-5CA548DE8A29}.Release|x86.ActiveCfg = Release|Win32
		{1459F1A2-D44C-4478-AF79-5CA548DE8A29}.Release|x86.Build.0 = Release|Win32
		{BAD53330-39BE-4BA2-BBFC-B388D8D81DEA}.Debug|x64.ActiveCfg = Debug|x64
		{BAD53330-39BE-4BA2-BBFC-B388D8D81DEA}.Debug|x64.Build.0 = Debug|x64
		{BAD53330-39BE-4BA2-BBFC-B388D8D81DEA}.Debug|x86.ActiveCfg = Debug|Win32
		{BAD53330-39BE-4BA2-BBFC-B388D8D81DEA}.Debug|x86.Build.0 = Debug|Win32
		{BAD53330-39BE-4BA2-BBFC-B388D8D81DEA}.Release|x64.ActiveCfg = Release|x64
		{BAD53330-39BE-4BA2-BBFC-B388D8D81DEA}.Release|x64.Build.0 = Release|x64
		{BAD53330-39BE-4BA2-BBFC-B388D8D81DEA}.Release|x86.ActiveCfg = Release|Win32
		{BAD53330-39BE-4BA2-BBFC-B388D8D81DEA}.Release|x86.Build.0 = Release|Win32
		{A73E84FC-89C2-4B9E-B813-BBAD1C03DDCE}.Debug|x64.ActiveCfg = Debug|x64
		{A73E84FC-89C2-4B9E-B813-BBAD1C03DDCE}.Debug|x64.Build.0 = Debug|x64
		{A73E84FC-89C2-4B9E-B813-BBAD1C03DDCE}.Debug|x86.ActiveCfg = Debug|Win32
		{A73E84FC-89C2-4B9E-B813-BBAD1C03DDCE}.Debug|x86.Build.0 = Debug|Win32
		{A73E84FC-89C2-4B9E-B813-BBAD1C03DDCE}.Release|x64.ActiveCfg = Release|x64
		{A73E84FC-89C2-4B9E-B813-BBAD1C03DDCE}.Release|x64.Build.0 = Release|x64
		{A73E84FC-89C2-4B9E-B813-BBAD1C03DDCE}.Release|x86.ActiveCfg = Release|Win32
		{A73E84FC-89C2-4B9E-B813-BBAD1C03DDCE}.Release|x86.Build.0 = Release|Win32
		{D9522A85-B3E8-494E-8B35-D54B5A012430}.Debug|x64.ActiveCfg = Debug|x64
		{D9522A85-B3E8-494E-8B35-D54B5A012430}.Debug|x64.Build.0 = Debug|x64
		{D9522A85-B3E8-494E-8B35-D54B5A012430}.Debug|x86.ActiveCfg = Debug|Win32
		{D9522A85-B3E8-494E-8B35-D54B5A012430}.Debug|x86.Build.0 = Debug|Win32
		{D9522A85-B3E8-494E-8B35-D54B5A012430}.Release|x64.ActiveCfg = Release|x64
		{D9522A85-B3E8-494E-8B35-D54B5A012430}.Release|x64.Build.0 = Release|x64
		{D9522A85-B3E8-494E-8B35-D54B5A012430}.Release|x86.ActiveCfg = Release|Win32
		{D9522A85-B3E8-494E-8B35-D54B5A012430}.Release|x86.Build.0 = Release|Win32
		{DDE81A56-3089-41E6-BE96-CA5D299CD3CC}.Debug|x64.ActiveCfg = Debug|x64
		{DDE81A56-3089-41E6-BE96-CA5D299CD3CC}.Debug|x64.Build.0 = Debug|x64
		{DDE81A56-3089-41E6-BE96-CA5D299CD3CC}.Debug|x86.ActiveCfg = Debug|Win32
		{DDE81A56-3089-41E6-BE96-CA5D299CD3CC}.Debug|x86.Build.0 = Debug|Win32
		{DDE81A56-3089-41E6-BE96-CA5D299CD3CC}.Release|x64.ActiveCfg = Release|x64
		{DDE81A56-3089-41E6-BE96-CA5D299CD3CC}.Release|x64.Build.0 = Release|x64
		{DDE81A56-3089-41E6-BE96-CA5D299CD3CC}.Release|x86.ActiveCfg = Release|Win32
		{DDE81A56-3089-41E6-BE96-CA5D299CD3CC}.Release|x86.Build.0 = Release|Win32
		{28CB5B19-283B-49A8-A2F4-4A5102542633}.Debug|x64.ActiveCfg = Debug|x64
		{28CB5B19-283B-49A8-A2F4-4A5102542633}.Debug|x64.Build.0 = Debug|x64
		{28CB5B19-283B-49A8-A2F4-4A5102542633}.Debug|x86.ActiveCfg = Debug|Win32
		{28CB5B19-283B-49A8-A2F4-4A5102542633}.Debug|x86.Build.0 = Debug|Win32
		{28CB5B19-283B-49A8-A2F4-4A5102542633}.Release|x64.ActiveCfg = Release|x64
		{28CB5B19-283B-49A8-A2F4-4A5102542633}.Release|x64.Build.0 = Release|x64
		{28CB5B19-283B-49A8-A2F4-4A5102542633}.Release|x86.ActiveCfg = Release|Win32
		{28CB5B19-283B-49A8-A2F4-4A5102542633}.Release|x86.Build.0 = Release|Win32
	EndGlobalSection
	GlobalSection(SolutionProperties) = preSolution
		HideSolutionNode = FALSE
	EndGlobalSection
	GlobalSection(ExtensibilityGlobals) = postSolution
		SolutionGuid = {DCBEBF02-77CC-499E-B3FA-1299167D038D}
	EndGlobalSection
EndGlobal
