
Microsoft Visual Studio Solution File, Format Version 12.00
# Visual Studio Version 17
VisualStudioVersion = 17.3.32819.101
MinimumVisualStudioVersion = 10.0.40219.1
Project("{8BC9CEB8-8B4A-11D0-8D11-00A0C91BC942}") = "Task1", "Task1\Task1.vcxproj", "{B4CCE174-7B44-4452-BB1E-DAC5A7974AA8}"
EndProject
Project("{8BC9CEB8-8B4A-11D0-8D11-00A0C91BC942}") = "Task2", "Task2\Task2.vcxproj", "{2313B127-B90A-43BE-BC7D-9B99AC9864D5}"
EndProject
Project("{8BC9CEB8-8B4A-11D0-8D11-00A0C91BC942}") = "Task3", "Task3\Task3.vcxproj", "{F233F8D4-83AC-4D49-A017-E34E5D32D81F}"
EndProject
Project("{8BC9CEB8-8B4A-11D0-8D11-00A0C91BC942}") = "Task4", "Task4\Task4.vcxproj", "{C947CED2-C9E1-4873-8AB1-76401DC97C78}"
EndProject
Project("{8BC9CEB8-8B4A-11D0-8D11-00A0C91BC942}") = "Task5", "Task5\Task5.vcxproj", "{66A55230-C529-469A-93B3-A054AA9D4C6F}"
EndProject
Project("{8BC9CEB8-8B4A-11D0-8D11-00A0C91BC942}") = "Task6", "Task6\Task6.vcxproj", "{D3B3FF11-2DCB-46E2-A48E-CA7B600D3318}"
EndProject
Project("{8BC9CEB8-8B4A-11D0-8D11-00A0C91BC942}") = "Task7", "Task7\Task7.vcxproj", "{86C028BE-E71B-44BC-AE7C-3A3B1A48EE99}"
EndProject
Project("{8BC9CEB8-8B4A-11D0-8D11-00A0C91BC942}") = "Task8", "Task8\Task8.vcxproj", "{F5DAE762-3F4E-4D3F-ACD7-84939C8211BA}"
EndProject
Project("{8BC9CEB8-8B4A-11D0-8D11-00A0C91BC942}") = "Task9", "Task9\Task9.vcxproj", "{3995DECD-04E5-480C-A4DD-9E62DF58866F}"
EndProject
Project("{8BC9CEB8-8B4A-11D0-8D11-00A0C91BC942}") = "Task10", "Task10\Task10.vcxproj", "{05953C37-7C5A-43C2-B714-3F86A4ABE529}"
EndProject
Global
	GlobalSection(SolutionConfigurationPlatforms) = preSolution
		Debug|x64 = Debug|x64
		Debug|x86 = Debug|x86
		Release|x64 = Release|x64
		Release|x86 = Release|x86
	EndGlobalSection
	GlobalSection(ProjectConfigurationPlatforms) = postSolution
		{B4CCE174-7B44-4452-BB1E-DAC5A7974AA8}.Debug|x64.ActiveCfg = Debug|x64
		{B4CCE174-7B44-4452-BB1E-DAC5A7974AA8}.Debug|x64.Build.0 = Debug|x64
		{B4CCE174-7B44-4452-BB1E-DAC5A7974AA8}.Debug|x86.ActiveCfg = Debug|Win32
		{B4CCE174-7B44-4452-BB1E-DAC5A7974AA8}.Debug|x86.Build.0 = Debug|Win32
		{B4CCE174-7B44-4452-BB1E-DAC5A7974AA8}.Release|x64.ActiveCfg = Release|x64
		{B4CCE174-7B44-4452-BB1E-DAC5A7974AA8}.Release|x64.Build.0 = Release|x64
		{B4CCE174-7B44-4452-BB1E-DAC5A7974AA8}.Release|x86.ActiveCfg = Release|Win32
		{B4CCE174-7B44-4452-BB1E-DAC5A7974AA8}.Release|x86.Build.0 = Release|Win32
		{2313B127-B90A-43BE-BC7D-9B99AC9864D5}.Debug|x64.ActiveCfg = Debug|x64
		{2313B127-B90A-43BE-BC7D-9B99AC9864D5}.Debug|x64.Build.0 = Debug|x64
		{2313B127-B90A-43BE-BC7D-9B99AC9864D5}.Debug|x86.ActiveCfg = Debug|Win32
		{2313B127-B90A-43BE-BC7D-9B99AC9864D5}.Debug|x86.Build.0 = Debug|Win32
		{2313B127-B90A-43BE-BC7D-9B99AC9864D5}.Release|x64.ActiveCfg = Release|x64
		{2313B127-B90A-43BE-BC7D-9B99AC9864D5}.Release|x64.Build.0 = Release|x64
		{2313B127-B90A-43BE-BC7D-9B99AC9864D5}.Release|x86.ActiveCfg = Release|Win32
		{2313B127-B90A-43BE-BC7D-9B99AC9864D5}.Release|x86.Build.0 = Release|Win32
		{F233F8D4-83AC-4D49-A017-E34E5D32D81F}.Debug|x64.ActiveCfg = Debug|x64
		{F233F8D4-83AC-4D49-A017-E34E5D32D81F}.Debug|x64.Build.0 = Debug|x64
		{F233F8D4-83AC-4D49-A017-E34E5D32D81F}.Debug|x86.ActiveCfg = Debug|Win32
		{F233F8D4-83AC-4D49-A017-E34E5D32D81F}.Debug|x86.Build.0 = Debug|Win32
		{F233F8D4-83AC-4D49-A017-E34E5D32D81F}.Release|x64.ActiveCfg = Release|x64
		{F233F8D4-83AC-4D49-A017-E34E5D32D81F}.Release|x64.Build.0 = Release|x64
		{F233F8D4-83AC-4D49-A017-E34E5D32D81F}.Release|x86.ActiveCfg = Release|Win32
		{F233F8D4-83AC-4D49-A017-E34E5D32D81F}.Release|x86.Build.0 = Release|Win32
		{C947CED2-C9E1-4873-8AB1-76401DC97C78}.Debug|x64.ActiveCfg = Debug|x64
		{C947CED2-C9E1-4873-8AB1-76401DC97C78}.Debug|x64.Build.0 = Debug|x64
		{C947CED2-C9E1-4873-8AB1-76401DC97C78}.Debug|x86.ActiveCfg = Debug|Win32
		{C947CED2-C9E1-4873-8AB1-76401DC97C78}.Debug|x86.Build.0 = Debug|Win32
		{C947CED2-C9E1-4873-8AB1-76401DC97C78}.Release|x64.ActiveCfg = Release|x64
		{C947CED2-C9E1-4873-8AB1-76401DC97C78}.Release|x64.Build.0 = Release|x64
		{C947CED2-C9E1-4873-8AB1-76401DC97C78}.Release|x86.ActiveCfg = Release|Win32
		{C947CED2-C9E1-4873-8AB1-76401DC97C78}.Release|x86.Build.0 = Release|Win32
		{66A55230-C529-469A-93B3-A054AA9D4C6F}.Debug|x64.ActiveCfg = Debug|x64
		{66A55230-C529-469A-93B3-A054AA9D4C6F}.Debug|x64.Build.0 = Debug|x64
		{66A55230-C529-469A-93B3-A054AA9D4C6F}.Debug|x86.ActiveCfg = Debug|Win32
		{66A55230-C529-469A-93B3-A054AA9D4C6F}.Debug|x86.Build.0 = Debug|Win32
		{66A55230-C529-469A-93B3-A054AA9D4C6F}.Release|x64.ActiveCfg = Release|x64
		{66A55230-C529-469A-93B3-A054AA9D4C6F}.Release|x64.Build.0 = Release|x64
		{66A55230-C529-469A-93B3-A054AA9D4C6F}.Release|x86.ActiveCfg = Release|Win32
		{66A55230-C529-469A-93B3-A054AA9D4C6F}.Release|x86.Build.0 = Release|Win32
		{D3B3FF11-2DCB-46E2-A48E-CA7B600D3318}.Debug|x64.ActiveCfg = Debug|x64
		{D3B3FF11-2DCB-46E2-A48E-CA7B600D3318}.Debug|x64.Build.0 = Debug|x64
		{D3B3FF11-2DCB-46E2-A48E-CA7B600D3318}.Debug|x86.ActiveCfg = Debug|Win32
		{D3B3FF11-2DCB-46E2-A48E-CA7B600D3318}.Debug|x86.Build.0 = Debug|Win32
		{D3B3FF11-2DCB-46E2-A48E-CA7B600D3318}.Release|x64.ActiveCfg = Release|x64
		{D3B3FF11-2DCB-46E2-A48E-CA7B600D3318}.Release|x64.Build.0 = Release|x64
		{D3B3FF11-2DCB-46E2-A48E-CA7B600D3318}.Release|x86.ActiveCfg = Release|Win32
		{D3B3FF11-2DCB-46E2-A48E-CA7B600D3318}.Release|x86.Build.0 = Release|Win32
		{86C028BE-E71B-44BC-AE7C-3A3B1A48EE99}.Debug|x64.ActiveCfg = Debug|x64
		{86C028BE-E71B-44BC-AE7C-3A3B1A48EE99}.Debug|x64.Build.0 = Debug|x64
		{86C028BE-E71B-44BC-AE7C-3A3B1A48EE99}.Debug|x86.ActiveCfg = Debug|Win32
		{86C028BE-E71B-44BC-AE7C-3A3B1A48EE99}.Debug|x86.Build.0 = Debug|Win32
		{86C028BE-E71B-44BC-AE7C-3A3B1A48EE99}.Release|x64.ActiveCfg = Release|x64
		{86C028BE-E71B-44BC-AE7C-3A3B1A48EE99}.Release|x64.Build.0 = Release|x64
		{86C028BE-E71B-44BC-AE7C-3A3B1A48EE99}.Release|x86.ActiveCfg = Release|Win32
		{86C028BE-E71B-44BC-AE7C-3A3B1A48EE99}.Release|x86.Build.0 = Release|Win32
		{F5DAE762-3F4E-4D3F-ACD7-84939C8211BA}.Debug|x64.ActiveCfg = Debug|x64
		{F5DAE762-3F4E-4D3F-ACD7-84939C8211BA}.Debug|x64.Build.0 = Debug|x64
		{F5DAE762-3F4E-4D3F-ACD7-84939C8211BA}.Debug|x86.ActiveCfg = Debug|Win32
		{F5DAE762-3F4E-4D3F-ACD7-84939C8211BA}.Debug|x86.Build.0 = Debug|Win32
		{F5DAE762-3F4E-4D3F-ACD7-84939C8211BA}.Release|x64.ActiveCfg = Release|x64
		{F5DAE762-3F4E-4D3F-ACD7-84939C8211BA}.Release|x64.Build.0 = Release|x64
		{F5DAE762-3F4E-4D3F-ACD7-84939C8211BA}.Release|x86.ActiveCfg = Release|Win32
		{F5DAE762-3F4E-4D3F-ACD7-84939C8211BA}.Release|x86.Build.0 = Release|Win32
		{3995DECD-04E5-480C-A4DD-9E62DF58866F}.Debug|x64.ActiveCfg = Debug|x64
		{3995DECD-04E5-480C-A4DD-9E62DF58866F}.Debug|x64.Build.0 = Debug|x64
		{3995DECD-04E5-480C-A4DD-9E62DF58866F}.Debug|x86.ActiveCfg = Debug|Win32
		{3995DECD-04E5-480C-A4DD-9E62DF58866F}.Debug|x86.Build.0 = Debug|Win32
		{3995DECD-04E5-480C-A4DD-9E62DF58866F}.Release|x64.ActiveCfg = Release|x64
		{3995DECD-04E5-480C-A4DD-9E62DF58866F}.Release|x64.Build.0 = Release|x64
		{3995DECD-04E5-480C-A4DD-9E62DF58866F}.Release|x86.ActiveCfg = Release|Win32
		{3995DECD-04E5-480C-A4DD-9E62DF58866F}.Release|x86.Build.0 = Release|Win32
		{05953C37-7C5A-43C2-B714-3F86A4ABE529}.Debug|x64.ActiveCfg = Debug|x64
		{05953C37-7C5A-43C2-B714-3F86A4ABE529}.Debug|x64.Build.0 = Debug|x64
		{05953C37-7C5A-43C2-B714-3F86A4ABE529}.Debug|x86.ActiveCfg = Debug|Win32
		{05953C37-7C5A-43C2-B714-3F86A4ABE529}.Debug|x86.Build.0 = Debug|Win32
		{05953C37-7C5A-43C2-B714-3F86A4ABE529}.Release|x64.ActiveCfg = Release|x64
		{05953C37-7C5A-43C2-B714-3F86A4ABE529}.Release|x64.Build.0 = Release|x64
		{05953C37-7C5A-43C2-B714-3F86A4ABE529}.Release|x86.ActiveCfg = Release|Win32
		{05953C37-7C5A-43C2-B714-3F86A4ABE529}.Release|x86.Build.0 = Release|Win32
	EndGlobalSection
	GlobalSection(SolutionProperties) = preSolution
		HideSolutionNode = FALSE
	EndGlobalSection
	GlobalSection(ExtensibilityGlobals) = postSolution
		SolutionGuid = {BF40C9AD-3805-4A65-89C6-695F3E5BD03D}
	EndGlobalSection
EndGlobal
