
Microsoft Visual Studio Solution File, Format Version 12.00
# Visual Studio Version 17
VisualStudioVersion = 17.3.32819.101
MinimumVisualStudioVersion = 10.0.40219.1
Project("{8BC9CEB8-8B4A-11D0-8D11-00A0C91BC942}") = "Task1", "Task1\Task1.vcxproj", "{757C6D9A-385C-48B6-93A6-096525022BFA}"
EndProject
Project("{8BC9CEB8-8B4A-11D0-8D11-00A0C91BC942}") = "Task2", "Task2\Task2.vcxproj", "{39E993A9-9B15-400B-847B-7D77BF68AB0A}"
EndProject
Project("{8BC9CEB8-8B4A-11D0-8D11-00A0C91BC942}") = "Task3", "Task3\Task3.vcxproj", "{D7703E1B-75DC-4F83-B7A0-DDAC41D3601E}"
EndProject
Project("{8BC9CEB8-8B4A-11D0-8D11-00A0C91BC942}") = "Task4", "Task4\Task4.vcxproj", "{4B59B23D-86D2-4126-BDF7-D9B3EFB72A6C}"
EndProject
Project("{8BC9CEB8-8B4A-11D0-8D11-00A0C91BC942}") = "Task5", "Task5\Task5.vcxproj", "{47762B2B-2167-4593-B748-4BCD48869DA8}"
EndProject
Project("{8BC9CEB8-8B4A-11D0-8D11-00A0C91BC942}") = "Task6", "Task6\Task6.vcxproj", "{B8EB44F2-690F-4D73-9062-8DFBB3C31838}"
EndProject
Project("{8BC9CEB8-8B4A-11D0-8D11-00A0C91BC942}") = "Task7", "Task7\Task7.vcxproj", "{04A675CA-C71C-48FE-9CB0-C9A7C6FBBF2A}"
EndProject
Global
	GlobalSection(SolutionConfigurationPlatforms) = preSolution
		Debug|x64 = Debug|x64
		Debug|x86 = Debug|x86
		Release|x64 = Release|x64
		Release|x86 = Release|x86
	EndGlobalSection
	GlobalSection(ProjectConfigurationPlatforms) = postSolution
		{757C6D9A-385C-48B6-93A6-096525022BFA}.Debug|x64.ActiveCfg = Debug|x64
		{757C6D9A-385C-48B6-93A6-096525022BFA}.Debug|x64.Build.0 = Debug|x64
		{757C6D9A-385C-48B6-93A6-096525022BFA}.Debug|x86.ActiveCfg = Debug|Win32
		{757C6D9A-385C-48B6-93A6-096525022BFA}.Debug|x86.Build.0 = Debug|Win32
		{757C6D9A-385C-48B6-93A6-096525022BFA}.Release|x64.ActiveCfg = Release|x64
		{757C6D9A-385C-48B6-93A6-096525022BFA}.Release|x64.Build.0 = Release|x64
		{757C6D9A-385C-48B6-93A6-096525022BFA}.Release|x86.ActiveCfg = Release|Win32
		{757C6D9A-385C-48B6-93A6-096525022BFA}.Release|x86.Build.0 = Release|Win32
		{39E993A9-9B15-400B-847B-7D77BF68AB0A}.Debug|x64.ActiveCfg = Debug|x64
		{39E993A9-9B15-400B-847B-7D77BF68AB0A}.Debug|x64.Build.0 = Debug|x64
		{39E993A9-9B15-400B-847B-7D77BF68AB0A}.Debug|x86.ActiveCfg = Debug|Win32
		{39E993A9-9B15-400B-847B-7D77BF68AB0A}.Debug|x86.Build.0 = Debug|Win32
		{39E993A9-9B15-400B-847B-7D77BF68AB0A}.Release|x64.ActiveCfg = Release|x64
		{39E993A9-9B15-400B-847B-7D77BF68AB0A}.Release|x64.Build.0 = Release|x64
		{39E993A9-9B15-400B-847B-7D77BF68AB0A}.Release|x86.ActiveCfg = Release|Win32
		{39E993A9-9B15-400B-847B-7D77BF68AB0A}.Release|x86.Build.0 = Release|Win32
		{D7703E1B-75DC-4F83-B7A0-DDAC41D3601E}.Debug|x64.ActiveCfg = Debug|x64
		{D7703E1B-75DC-4F83-B7A0-DDAC41D3601E}.Debug|x64.Build.0 = Debug|x64
		{D7703E1B-75DC-4F83-B7A0-DDAC41D3601E}.Debug|x86.ActiveCfg = Debug|Win32
		{D7703E1B-75DC-4F83-B7A0-DDAC41D3601E}.Debug|x86.Build.0 = Debug|Win32
		{D7703E1B-75DC-4F83-B7A0-DDAC41D3601E}.Release|x64.ActiveCfg = Release|x64
		{D7703E1B-75DC-4F83-B7A0-DDAC41D3601E}.Release|x64.Build.0 = Release|x64
		{D7703E1B-75DC-4F83-B7A0-DDAC41D3601E}.Release|x86.ActiveCfg = Release|Win32
		{D7703E1B-75DC-4F83-B7A0-DDAC41D3601E}.Release|x86.Build.0 = Release|Win32
		{4B59B23D-86D2-4126-BDF7-D9B3EFB72A6C}.Debug|x64.ActiveCfg = Debug|x64
		{4B59B23D-86D2-4126-BDF7-D9B3EFB72A6C}.Debug|x64.Build.0 = Debug|x64
		{4B59B23D-86D2-4126-BDF7-D9B3EFB72A6C}.Debug|x86.ActiveCfg = Debug|Win32
		{4B59B23D-86D2-4126-BDF7-D9B3EFB72A6C}.Debug|x86.Build.0 = Debug|Win32
		{4B59B23D-86D2-4126-BDF7-D9B3EFB72A6C}.Release|x64.ActiveCfg = Release|x64
		{4B59B23D-86D2-4126-BDF7-D9B3EFB72A6C}.Release|x64.Build.0 = Release|x64
		{4B59B23D-86D2-4126-BDF7-D9B3EFB72A6C}.Release|x86.ActiveCfg = Release|Win32
		{4B59B23D-86D2-4126-BDF7-D9B3EFB72A6C}.Release|x86.Build.0 = Release|Win32
		{47762B2B-2167-4593-B748-4BCD48869DA8}.Debug|x64.ActiveCfg = Debug|x64
		{47762B2B-2167-4593-B748-4BCD48869DA8}.Debug|x64.Build.0 = Debug|x64
		{47762B2B-2167-4593-B748-4BCD48869DA8}.Debug|x86.ActiveCfg = Debug|Win32
		{47762B2B-2167-4593-B748-4BCD48869DA8}.Debug|x86.Build.0 = Debug|Win32
		{47762B2B-2167-4593-B748-4BCD48869DA8}.Release|x64.ActiveCfg = Release|x64
		{47762B2B-2167-4593-B748-4BCD48869DA8}.Release|x64.Build.0 = Release|x64
		{47762B2B-2167-4593-B748-4BCD48869DA8}.Release|x86.ActiveCfg = Release|Win32
		{47762B2B-2167-4593-B748-4BCD48869DA8}.Release|x86.Build.0 = Release|Win32
		{B8EB44F2-690F-4D73-9062-8DFBB3C31838}.Debug|x64.ActiveCfg = Debug|x64
		{B8EB44F2-690F-4D73-9062-8DFBB3C31838}.Debug|x64.Build.0 = Debug|x64
		{B8EB44F2-690F-4D73-9062-8DFBB3C31838}.Debug|x86.ActiveCfg = Debug|Win32
		{B8EB44F2-690F-4D73-9062-8DFBB3C31838}.Debug|x86.Build.0 = Debug|Win32
		{B8EB44F2-690F-4D73-9062-8DFBB3C31838}.Release|x64.ActiveCfg = Release|x64
		{B8EB44F2-690F-4D73-9062-8DFBB3C31838}.Release|x64.Build.0 = Release|x64
		{B8EB44F2-690F-4D73-9062-8DFBB3C31838}.Release|x86.ActiveCfg = Release|Win32
		{B8EB44F2-690F-4D73-9062-8DFBB3C31838}.Release|x86.Build.0 = Release|Win32
		{04A675CA-C71C-48FE-9CB0-C9A7C6FBBF2A}.Debug|x64.ActiveCfg = Debug|x64
		{04A675CA-C71C-48FE-9CB0-C9A7C6FBBF2A}.Debug|x64.Build.0 = Debug|x64
		{04A675CA-C71C-48FE-9CB0-C9A7C6FBBF2A}.Debug|x86.ActiveCfg = Debug|Win32
		{04A675CA-C71C-48FE-9CB0-C9A7C6FBBF2A}.Debug|x86.Build.0 = Debug|Win32
		{04A675CA-C71C-48FE-9CB0-C9A7C6FBBF2A}.Release|x64.ActiveCfg = Release|x64
		{04A675CA-C71C-48FE-9CB0-C9A7C6FBBF2A}.Release|x64.Build.0 = Release|x64
		{04A675CA-C71C-48FE-9CB0-C9A7C6FBBF2A}.Release|x86.ActiveCfg = Release|Win32
		{04A675CA-C71C-48FE-9CB0-C9A7C6FBBF2A}.Release|x86.Build.0 = Release|Win32
	EndGlobalSection
	GlobalSection(SolutionProperties) = preSolution
		HideSolutionNode = FALSE
	EndGlobalSection
	GlobalSection(ExtensibilityGlobals) = postSolution
		SolutionGuid = {A5D66CAA-A386-4F17-8A03-254ED3AEDB37}
	EndGlobalSection
EndGlobal
