
Microsoft Visual Studio Solution File, Format Version 12.00
# Visual Studio Version 17
VisualStudioVersion = 17.3.32819.101
MinimumVisualStudioVersion = 10.0.40219.1
Project("{8BC9CEB8-8B4A-11D0-8D11-00A0C91BC942}") = "Task1", "Task1\Task1.vcxproj", "{F471A250-9882-487A-8348-AD43BB2FE6A3}"
EndProject
Project("{8BC9CEB8-8B4A-11D0-8D11-00A0C91BC942}") = "Task9", "Task9\Task9.vcxproj", "{D46E690F-D756-4CBA-A0E1-AE438C46BFA3}"
EndProject
Project("{8BC9CEB8-8B4A-11D0-8D11-00A0C91BC942}") = "Task10", "Task10\Task10.vcxproj", "{55482C62-E75E-4F71-B6D7-56C79A29DE1F}"
EndProject
Project("{8BC9CEB8-8B4A-11D0-8D11-00A0C91BC942}") = "Task2", "Task2\Task2.vcxproj", "{813BDA0F-A5FB-45D6-B630-D74B8327CDBD}"
EndProject
Project("{8BC9CEB8-8B4A-11D0-8D11-00A0C91BC942}") = "Task3", "Task3\Task3.vcxproj", "{B72D94E6-EE17-4629-BA6B-8FDA97DCC1A3}"
EndProject
Project("{8BC9CEB8-8B4A-11D0-8D11-00A0C91BC942}") = "Task4", "Task4\Task4.vcxproj", "{0CB4C732-9231-4683-95CE-D97E257176DF}"
EndProject
Project("{8BC9CEB8-8B4A-11D0-8D11-00A0C91BC942}") = "Task5", "Task5\Task5.vcxproj", "{16D37126-D320-49BD-9A89-E520A7C707A0}"
EndProject
Project("{8BC9CEB8-8B4A-11D0-8D11-00A0C91BC942}") = "Task6", "Task6\Task6.vcxproj", "{65AE22D6-6004-4F00-85F4-0D93F2DA3BF6}"
EndProject
Project("{8BC9CEB8-8B4A-11D0-8D11-00A0C91BC942}") = "Task7", "Task7\Task7.vcxproj", "{8FCF170A-B876-41E6-B80E-60CB428F75A6}"
EndProject
Project("{8BC9CEB8-8B4A-11D0-8D11-00A0C91BC942}") = "Task8", "Task8\Task8.vcxproj", "{52671259-968F-43BE-9EEE-D221B7675591}"
EndProject
Global
	GlobalSection(SolutionConfigurationPlatforms) = preSolution
		Debug|x64 = Debug|x64
		Debug|x86 = Debug|x86
		Release|x64 = Release|x64
		Release|x86 = Release|x86
	EndGlobalSection
	GlobalSection(ProjectConfigurationPlatforms) = postSolution
		{F471A250-9882-487A-8348-AD43BB2FE6A3}.Debug|x64.ActiveCfg = Debug|x64
		{F471A250-9882-487A-8348-AD43BB2FE6A3}.Debug|x64.Build.0 = Debug|x64
		{F471A250-9882-487A-8348-AD43BB2FE6A3}.Debug|x86.ActiveCfg = Debug|Win32
		{F471A250-9882-487A-8348-AD43BB2FE6A3}.Debug|x86.Build.0 = Debug|Win32
		{F471A250-9882-487A-8348-AD43BB2FE6A3}.Release|x64.ActiveCfg = Release|x64
		{F471A250-9882-487A-8348-AD43BB2FE6A3}.Release|x64.Build.0 = Release|x64
		{F471A250-9882-487A-8348-AD43BB2FE6A3}.Release|x86.ActiveCfg = Release|Win32
		{F471A250-9882-487A-8348-AD43BB2FE6A3}.Release|x86.Build.0 = Release|Win32
		{D46E690F-D756-4CBA-A0E1-AE438C46BFA3}.Debug|x64.ActiveCfg = Debug|x64
		{D46E690F-D756-4CBA-A0E1-AE438C46BFA3}.Debug|x64.Build.0 = Debug|x64
		{D46E690F-D756-4CBA-A0E1-AE438C46BFA3}.Debug|x86.ActiveCfg = Debug|Win32
		{D46E690F-D756-4CBA-A0E1-AE438C46BFA3}.Debug|x86.Build.0 = Debug|Win32
		{D46E690F-D756-4CBA-A0E1-AE438C46BFA3}.Release|x64.ActiveCfg = Release|x64
		{D46E690F-D756-4CBA-A0E1-AE438C46BFA3}.Release|x64.Build.0 = Release|x64
		{D46E690F-D756-4CBA-A0E1-AE438C46BFA3}.Release|x86.ActiveCfg = Release|Win32
		{D46E690F-D756-4CBA-A0E1-AE438C46BFA3}.Release|x86.Build.0 = Release|Win32
		{55482C62-E75E-4F71-B6D7-56C79A29DE1F}.Debug|x64.ActiveCfg = Debug|x64
		{55482C62-E75E-4F71-B6D7-56C79A29DE1F}.Debug|x64.Build.0 = Debug|x64
		{55482C62-E75E-4F71-B6D7-56C79A29DE1F}.Debug|x86.ActiveCfg = Debug|Win32
		{55482C62-E75E-4F71-B6D7-56C79A29DE1F}.Debug|x86.Build.0 = Debug|Win32
		{55482C62-E75E-4F71-B6D7-56C79A29DE1F}.Release|x64.ActiveCfg = Release|x64
		{55482C62-E75E-4F71-B6D7-56C79A29DE1F}.Release|x64.Build.0 = Release|x64
		{55482C62-E75E-4F71-B6D7-56C79A29DE1F}.Release|x86.ActiveCfg = Release|Win32
		{55482C62-E75E-4F71-B6D7-56C79A29DE1F}.Release|x86.Build.0 = Release|Win32
		{813BDA0F-A5FB-45D6-B630-D74B8327CDBD}.Debug|x64.ActiveCfg = Debug|x64
		{813BDA0F-A5FB-45D6-B630-D74B8327CDBD}.Debug|x64.Build.0 = Debug|x64
		{813BDA0F-A5FB-45D6-B630-D74B8327CDBD}.Debug|x86.ActiveCfg = Debug|Win32
		{813BDA0F-A5FB-45D6-B630-D74B8327CDBD}.Debug|x86.Build.0 = Debug|Win32
		{813BDA0F-A5FB-45D6-B630-D74B8327CDBD}.Release|x64.ActiveCfg = Release|x64
		{813BDA0F-A5FB-45D6-B630-D74B8327CDBD}.Release|x64.Build.0 = Release|x64
		{813BDA0F-A5FB-45D6-B630-D74B8327CDBD}.Release|x86.ActiveCfg = Release|Win32
		{813BDA0F-A5FB-45D6-B630-D74B8327CDBD}.Release|x86.Build.0 = Release|Win32
		{B72D94E6-EE17-4629-BA6B-8FDA97DCC1A3}.Debug|x64.ActiveCfg = Debug|x64
		{B72D94E6-EE17-4629-BA6B-8FDA97DCC1A3}.Debug|x64.Build.0 = Debug|x64
		{B72D94E6-EE17-4629-BA6B-8FDA97DCC1A3}.Debug|x86.ActiveCfg = Debug|Win32
		{B72D94E6-EE17-4629-BA6B-8FDA97DCC1A3}.Debug|x86.Build.0 = Debug|Win32
		{B72D94E6-EE17-4629-BA6B-8FDA97DCC1A3}.Release|x64.ActiveCfg = Release|x64
		{B72D94E6-EE17-4629-BA6B-8FDA97DCC1A3}.Release|x64.Build.0 = Release|x64
		{B72D94E6-EE17-4629-BA6B-8FDA97DCC1A3}.Release|x86.ActiveCfg = Release|Win32
		{B72D94E6-EE17-4629-BA6B-8FDA97DCC1A3}.Release|x86.Build.0 = Release|Win32
		{0CB4C732-9231-4683-95CE-D97E257176DF}.Debug|x64.ActiveCfg = Debug|x64
		{0CB4C732-9231-4683-95CE-D97E257176DF}.Debug|x64.Build.0 = Debug|x64
		{0CB4C732-9231-4683-95CE-D97E257176DF}.Debug|x86.ActiveCfg = Debug|Win32
		{0CB4C732-9231-4683-95CE-D97E257176DF}.Debug|x86.Build.0 = Debug|Win32
		{0CB4C732-9231-4683-95CE-D97E257176DF}.Release|x64.ActiveCfg = Release|x64
		{0CB4C732-9231-4683-95CE-D97E257176DF}.Release|x64.Build.0 = Release|x64
		{0CB4C732-9231-4683-95CE-D97E257176DF}.Release|x86.ActiveCfg = Release|Win32
		{0CB4C732-9231-4683-95CE-D97E257176DF}.Release|x86.Build.0 = Release|Win32
		{16D37126-D320-49BD-9A89-E520A7C707A0}.Debug|x64.ActiveCfg = Debug|x64
		{16D37126-D320-49BD-9A89-E520A7C707A0}.Debug|x64.Build.0 = Debug|x64
		{16D37126-D320-49BD-9A89-E520A7C707A0}.Debug|x86.ActiveCfg = Debug|Win32
		{16D37126-D320-49BD-9A89-E520A7C707A0}.Debug|x86.Build.0 = Debug|Win32
		{16D37126-D320-49BD-9A89-E520A7C707A0}.Release|x64.ActiveCfg = Release|x64
		{16D37126-D320-49BD-9A89-E520A7C707A0}.Release|x64.Build.0 = Release|x64
		{16D37126-D320-49BD-9A89-E520A7C707A0}.Release|x86.ActiveCfg = Release|Win32
		{16D37126-D320-49BD-9A89-E520A7C707A0}.Release|x86.Build.0 = Release|Win32
		{65AE22D6-6004-4F00-85F4-0D93F2DA3BF6}.Debug|x64.ActiveCfg = Debug|x64
		{65AE22D6-6004-4F00-85F4-0D93F2DA3BF6}.Debug|x64.Build.0 = Debug|x64
		{65AE22D6-6004-4F00-85F4-0D93F2DA3BF6}.Debug|x86.ActiveCfg = Debug|Win32
		{65AE22D6-6004-4F00-85F4-0D93F2DA3BF6}.Debug|x86.Build.0 = Debug|Win32
		{65AE22D6-6004-4F00-85F4-0D93F2DA3BF6}.Release|x64.ActiveCfg = Release|x64
		{65AE22D6-6004-4F00-85F4-0D93F2DA3BF6}.Release|x64.Build.0 = Release|x64
		{65AE22D6-6004-4F00-85F4-0D93F2DA3BF6}.Release|x86.ActiveCfg = Release|Win32
		{65AE22D6-6004-4F00-85F4-0D93F2DA3BF6}.Release|x86.Build.0 = Release|Win32
		{8FCF170A-B876-41E6-B80E-60CB428F75A6}.Debug|x64.ActiveCfg = Debug|x64
		{8FCF170A-B876-41E6-B80E-60CB428F75A6}.Debug|x64.Build.0 = Debug|x64
		{8FCF170A-B876-41E6-B80E-60CB428F75A6}.Debug|x86.ActiveCfg = Debug|Win32
		{8FCF170A-B876-41E6-B80E-60CB428F75A6}.Debug|x86.Build.0 = Debug|Win32
		{8FCF170A-B876-41E6-B80E-60CB428F75A6}.Release|x64.ActiveCfg = Release|x64
		{8FCF170A-B876-41E6-B80E-60CB428F75A6}.Release|x64.Build.0 = Release|x64
		{8FCF170A-B876-41E6-B80E-60CB428F75A6}.Release|x86.ActiveCfg = Release|Win32
		{8FCF170A-B876-41E6-B80E-60CB428F75A6}.Release|x86.Build.0 = Release|Win32
		{52671259-968F-43BE-9EEE-D221B7675591}.Debug|x64.ActiveCfg = Debug|x64
		{52671259-968F-43BE-9EEE-D221B7675591}.Debug|x64.Build.0 = Debug|x64
		{52671259-968F-43BE-9EEE-D221B7675591}.Debug|x86.ActiveCfg = Debug|Win32
		{52671259-968F-43BE-9EEE-D221B7675591}.Debug|x86.Build.0 = Debug|Win32
		{52671259-968F-43BE-9EEE-D221B7675591}.Release|x64.ActiveCfg = Release|x64
		{52671259-968F-43BE-9EEE-D221B7675591}.Release|x64.Build.0 = Release|x64
		{52671259-968F-43BE-9EEE-D221B7675591}.Release|x86.ActiveCfg = Release|Win32
		{52671259-968F-43BE-9EEE-D221B7675591}.Release|x86.Build.0 = Release|Win32
	EndGlobalSection
	GlobalSection(SolutionProperties) = preSolution
		HideSolutionNode = FALSE
	EndGlobalSection
	GlobalSection(ExtensibilityGlobals) = postSolution
		SolutionGuid = {73ACA666-A396-42E6-B132-BDCAF357C401}
	EndGlobalSection
EndGlobal
