
Microsoft Visual Studio Solution File, Format Version 12.00
# Visual Studio Version 17
VisualStudioVersion = 17.4.33110.190
MinimumVisualStudioVersion = 10.0.40219.1
Project("{8BC9CEB8-8B4A-11D0-8D11-00A0C91BC942}") = "Task1", "Task1\Task1.vcxproj", "{61353390-9C3F-45A8-9549-4B93085A6714}"
EndProject
Project("{8BC9CEB8-8B4A-11D0-8D11-00A0C91BC942}") = "Task2", "Task2\Task2.vcxproj", "{E77C3F24-D0B6-4258-8BD5-2043FF9FC6B5}"
EndProject
Project("{8BC9CEB8-8B4A-11D0-8D11-00A0C91BC942}") = "Task3", "Task3\Task3.vcxproj", "{1ACB1E42-AB23-49A8-A6A7-4E0476F2EAAD}"
EndProject
Project("{8BC9CEB8-8B4A-11D0-8D11-00A0C91BC942}") = "Task4", "Task4\Task4.vcxproj", "{A3F09A42-0E1E-49B0-A0D0-1B4A74472540}"
EndProject
Project("{8BC9CEB8-8B4A-11D0-8D11-00A0C91BC942}") = "Task5", "Task5\Task5.vcxproj", "{D940BF3A-D12B-43B1-92C6-EBBC5406559B}"
EndProject
Project("{8BC9CEB8-8B4A-11D0-8D11-00A0C91BC942}") = "Task6", "Task6\Task6.vcxproj", "{581441D2-B109-4105-8EA2-9DEC23F38420}"
EndProject
Project("{8BC9CEB8-8B4A-11D0-8D11-00A0C91BC942}") = "Task7", "Task7\Task7.vcxproj", "{9368A61F-8140-4A52-B7C2-413F7DDE6B09}"
EndProject
Project("{8BC9CEB8-8B4A-11D0-8D11-00A0C91BC942}") = "Task8", "Task8\Task8.vcxproj", "{4D5E72EC-E9A4-41D0-8FFB-AA78F26BD461}"
EndProject
Project("{8BC9CEB8-8B4A-11D0-8D11-00A0C91BC942}") = "Task9", "Task9\Task9.vcxproj", "{851990E2-0D6D-4E6E-BA87-84EBA968E5CB}"
EndProject
Project("{8BC9CEB8-8B4A-11D0-8D11-00A0C91BC942}") = "Task10", "Task10\Task10.vcxproj", "{FBF95CB7-3AC5-4B37-AE4B-B014D485F5D1}"
EndProject
Global
	GlobalSection(SolutionConfigurationPlatforms) = preSolution
		Debug|x64 = Debug|x64
		Debug|x86 = Debug|x86
		Release|x64 = Release|x64
		Release|x86 = Release|x86
	EndGlobalSection
	GlobalSection(ProjectConfigurationPlatforms) = postSolution
		{61353390-9C3F-45A8-9549-4B93085A6714}.Debug|x64.ActiveCfg = Debug|x64
		{61353390-9C3F-45A8-9549-4B93085A6714}.Debug|x64.Build.0 = Debug|x64
		{61353390-9C3F-45A8-9549-4B93085A6714}.Debug|x86.ActiveCfg = Debug|Win32
		{61353390-9C3F-45A8-9549-4B93085A6714}.Debug|x86.Build.0 = Debug|Win32
		{61353390-9C3F-45A8-9549-4B93085A6714}.Release|x64.ActiveCfg = Release|x64
		{61353390-9C3F-45A8-9549-4B93085A6714}.Release|x64.Build.0 = Release|x64
		{61353390-9C3F-45A8-9549-4B93085A6714}.Release|x86.ActiveCfg = Release|Win32
		{61353390-9C3F-45A8-9549-4B93085A6714}.Release|x86.Build.0 = Release|Win32
		{E77C3F24-D0B6-4258-8BD5-2043FF9FC6B5}.Debug|x64.ActiveCfg = Debug|x64
		{E77C3F24-D0B6-4258-8BD5-2043FF9FC6B5}.Debug|x64.Build.0 = Debug|x64
		{E77C3F24-D0B6-4258-8BD5-2043FF9FC6B5}.Debug|x86.ActiveCfg = Debug|Win32
		{E77C3F24-D0B6-4258-8BD5-2043FF9FC6B5}.Debug|x86.Build.0 = Debug|Win32
		{E77C3F24-D0B6-4258-8BD5-2043FF9FC6B5}.Release|x64.ActiveCfg = Release|x64
		{E77C3F24-D0B6-4258-8BD5-2043FF9FC6B5}.Release|x64.Build.0 = Release|x64
		{E77C3F24-D0B6-4258-8BD5-2043FF9FC6B5}.Release|x86.ActiveCfg = Release|Win32
		{E77C3F24-D0B6-4258-8BD5-2043FF9FC6B5}.Release|x86.Build.0 = Release|Win32
		{1ACB1E42-AB23-49A8-A6A7-4E0476F2EAAD}.Debug|x64.ActiveCfg = Debug|x64
		{1ACB1E42-AB23-49A8-A6A7-4E0476F2EAAD}.Debug|x64.Build.0 = Debug|x64
		{1ACB1E42-AB23-49A8-A6A7-4E0476F2EAAD}.Debug|x86.ActiveCfg = Debug|Win32
		{1ACB1E42-AB23-49A8-A6A7-4E0476F2EAAD}.Debug|x86.Build.0 = Debug|Win32
		{1ACB1E42-AB23-49A8-A6A7-4E0476F2EAAD}.Release|x64.ActiveCfg = Release|x64
		{1ACB1E42-AB23-49A8-A6A7-4E0476F2EAAD}.Release|x64.Build.0 = Release|x64
		{1ACB1E42-AB23-49A8-A6A7-4E0476F2EAAD}.Release|x86.ActiveCfg = Release|Win32
		{1ACB1E42-AB23-49A8-A6A7-4E0476F2EAAD}.Release|x86.Build.0 = Release|Win32
		{A3F09A42-0E1E-49B0-A0D0-1B4A74472540}.Debug|x64.ActiveCfg = Debug|x64
		{A3F09A42-0E1E-49B0-A0D0-1B4A74472540}.Debug|x64.Build.0 = Debug|x64
		{A3F09A42-0E1E-49B0-A0D0-1B4A74472540}.Debug|x86.ActiveCfg = Debug|Win32
		{A3F09A42-0E1E-49B0-A0D0-1B4A74472540}.Debug|x86.Build.0 = Debug|Win32
		{A3F09A42-0E1E-49B0-A0D0-1B4A74472540}.Release|x64.ActiveCfg = Release|x64
		{A3F09A42-0E1E-49B0-A0D0-1B4A74472540}.Release|x64.Build.0 = Release|x64
		{A3F09A42-0E1E-49B0-A0D0-1B4A74472540}.Release|x86.ActiveCfg = Release|Win32
		{A3F09A42-0E1E-49B0-A0D0-1B4A74472540}.Release|x86.Build.0 = Release|Win32
		{D940BF3A-D12B-43B1-92C6-EBBC5406559B}.Debug|x64.ActiveCfg = Debug|x64
		{D940BF3A-D12B-43B1-92C6-EBBC5406559B}.Debug|x64.Build.0 = Debug|x64
		{D940BF3A-D12B-43B1-92C6-EBBC5406559B}.Debug|x86.ActiveCfg = Debug|Win32
		{D940BF3A-D12B-43B1-92C6-EBBC5406559B}.Debug|x86.Build.0 = Debug|Win32
		{D940BF3A-D12B-43B1-92C6-EBBC5406559B}.Release|x64.ActiveCfg = Release|x64
		{D940BF3A-D12B-43B1-92C6-EBBC5406559B}.Release|x64.Build.0 = Release|x64
		{D940BF3A-D12B-43B1-92C6-EBBC5406559B}.Release|x86.ActiveCfg = Release|Win32
		{D940BF3A-D12B-43B1-92C6-EBBC5406559B}.Release|x86.Build.0 = Release|Win32
		{581441D2-B109-4105-8EA2-9DEC23F38420}.Debug|x64.ActiveCfg = Debug|x64
		{581441D2-B109-4105-8EA2-9DEC23F38420}.Debug|x64.Build.0 = Debug|x64
		{581441D2-B109-4105-8EA2-9DEC23F38420}.Debug|x86.ActiveCfg = Debug|Win32
		{581441D2-B109-4105-8EA2-9DEC23F38420}.Debug|x86.Build.0 = Debug|Win32
		{581441D2-B109-4105-8EA2-9DEC23F38420}.Release|x64.ActiveCfg = Release|x64
		{581441D2-B109-4105-8EA2-9DEC23F38420}.Release|x64.Build.0 = Release|x64
		{581441D2-B109-4105-8EA2-9DEC23F38420}.Release|x86.ActiveCfg = Release|Win32
		{581441D2-B109-4105-8EA2-9DEC23F38420}.Release|x86.Build.0 = Release|Win32
		{9368A61F-8140-4A52-B7C2-413F7DDE6B09}.Debug|x64.ActiveCfg = Debug|x64
		{9368A61F-8140-4A52-B7C2-413F7DDE6B09}.Debug|x64.Build.0 = Debug|x64
		{9368A61F-8140-4A52-B7C2-413F7DDE6B09}.Debug|x86.ActiveCfg = Debug|Win32
		{9368A61F-8140-4A52-B7C2-413F7DDE6B09}.Debug|x86.Build.0 = Debug|Win32
		{9368A61F-8140-4A52-B7C2-413F7DDE6B09}.Release|x64.ActiveCfg = Release|x64
		{9368A61F-8140-4A52-B7C2-413F7DDE6B09}.Release|x64.Build.0 = Release|x64
		{9368A61F-8140-4A52-B7C2-413F7DDE6B09}.Release|x86.ActiveCfg = Release|Win32
		{9368A61F-8140-4A52-B7C2-413F7DDE6B09}.Release|x86.Build.0 = Release|Win32
		{4D5E72EC-E9A4-41D0-8FFB-AA78F26BD461}.Debug|x64.ActiveCfg = Debug|x64
		{4D5E72EC-E9A4-41D0-8FFB-AA78F26BD461}.Debug|x64.Build.0 = Debug|x64
		{4D5E72EC-E9A4-41D0-8FFB-AA78F26BD461}.Debug|x86.ActiveCfg = Debug|Win32
		{4D5E72EC-E9A4-41D0-8FFB-AA78F26BD461}.Debug|x86.Build.0 = Debug|Win32
		{4D5E72EC-E9A4-41D0-8FFB-AA78F26BD461}.Release|x64.ActiveCfg = Release|x64
		{4D5E72EC-E9A4-41D0-8FFB-AA78F26BD461}.Release|x64.Build.0 = Release|x64
		{4D5E72EC-E9A4-41D0-8FFB-AA78F26BD461}.Release|x86.ActiveCfg = Release|Win32
		{4D5E72EC-E9A4-41D0-8FFB-AA78F26BD461}.Release|x86.Build.0 = Release|Win32
		{851990E2-0D6D-4E6E-BA87-84EBA968E5CB}.Debug|x64.ActiveCfg = Debug|x64
		{851990E2-0D6D-4E6E-BA87-84EBA968E5CB}.Debug|x64.Build.0 = Debug|x64
		{851990E2-0D6D-4E6E-BA87-84EBA968E5CB}.Debug|x86.ActiveCfg = Debug|Win32
		{851990E2-0D6D-4E6E-BA87-84EBA968E5CB}.Debug|x86.Build.0 = Debug|Win32
		{851990E2-0D6D-4E6E-BA87-84EBA968E5CB}.Release|x64.ActiveCfg = Release|x64
		{851990E2-0D6D-4E6E-BA87-84EBA968E5CB}.Release|x64.Build.0 = Release|x64
		{851990E2-0D6D-4E6E-BA87-84EBA968E5CB}.Release|x86.ActiveCfg = Release|Win32
		{851990E2-0D6D-4E6E-BA87-84EBA968E5CB}.Release|x86.Build.0 = Release|Win32
		{FBF95CB7-3AC5-4B37-AE4B-B014D485F5D1}.Debug|x64.ActiveCfg = Debug|x64
		{FBF95CB7-3AC5-4B37-AE4B-B014D485F5D1}.Debug|x64.Build.0 = Debug|x64
		{FBF95CB7-3AC5-4B37-AE4B-B014D485F5D1}.Debug|x86.ActiveCfg = Debug|Win32
		{FBF95CB7-3AC5-4B37-AE4B-B014D485F5D1}.Debug|x86.Build.0 = Debug|Win32
		{FBF95CB7-3AC5-4B37-AE4B-B014D485F5D1}.Release|x64.ActiveCfg = Release|x64
		{FBF95CB7-3AC5-4B37-AE4B-B014D485F5D1}.Release|x64.Build.0 = Release|x64
		{FBF95CB7-3AC5-4B37-AE4B-B014D485F5D1}.Release|x86.ActiveCfg = Release|Win32
		{FBF95CB7-3AC5-4B37-AE4B-B014D485F5D1}.Release|x86.Build.0 = Release|Win32
	EndGlobalSection
	GlobalSection(SolutionProperties) = preSolution
		HideSolutionNode = FALSE
	EndGlobalSection
	GlobalSection(ExtensibilityGlobals) = postSolution
		SolutionGuid = {D9BCE187-9E94-4B87-94D8-4563C921F7F4}
	EndGlobalSection
EndGlobal
